
Microsoft Visual Studio Solution File, Format Version 12.00
# Visual Studio Version 17
VisualStudioVersion = 17.2.32516.85
MinimumVisualStudioVersion = 10.0.40219.1
Project("{9A19103F-16F7-4668-BE54-9A1E7A4F7556}") = "ParkingManagmentSystem", "ParkingManagmentSystem\ParkingManagmentSystem.csproj", "{970CB64B-391A-4081-AC84-28A06AE33728}"
EndProject
Project("{2150E333-8FDC-42A3-9474-1A3956D46DE8}") = "Solution Items", "Solution Items", "{FC2F42A1-43EC-47BC-A722-EBF3D08D420D}"
	ProjectSection(SolutionItems) = preProject
		.editorconfig = .editorconfig
	EndProjectSection
EndProject
Global
	GlobalSection(SolutionConfigurationPlatforms) = preSolution
		Debug|Any CPU = Debug|Any CPU
		Release|Any CPU = Release|Any CPU
	EndGlobalSection
	GlobalSection(ProjectConfigurationPlatforms) = postSolution
		{970CB64B-391A-4081-AC84-28A06AE33728}.Debug|Any CPU.ActiveCfg = Debug|Any CPU
		{970CB64B-391A-4081-AC84-28A06AE33728}.Debug|Any CPU.Build.0 = Debug|Any CPU
		{970CB64B-391A-4081-AC84-28A06AE33728}.Release|Any CPU.ActiveCfg = Release|Any CPU
		{970CB64B-391A-4081-AC84-28A06AE33728}.Release|Any CPU.Build.0 = Release|Any CPU
	EndGlobalSection
	GlobalSection(SolutionProperties) = preSolution
		HideSolutionNode = FALSE
	EndGlobalSection
	GlobalSection(ExtensibilityGlobals) = postSolution
		SolutionGuid = {EA04EB3F-78D8-41AE-A80A-452D32961EF5}
	EndGlobalSection
EndGlobal
